
Microsoft Visual Studio Solution File, Format Version 12.00
# Visual Studio 15
Project("{FAE04EC0-301F-11D3-BF4B-00C04F79EFBC}") = "Assembly-CSharp-Editor", "Assembly-CSharp-Editor.csproj", "{78AFF12B-BD73-737F-156E-BCF05BC79DF5}"
EndProject
Project("{FAE04EC0-301F-11D3-BF4B-00C04F79EFBC}") = "Assembly-CSharp", "Assembly-CSharp.csproj", "{AC1A5250-A51B-C84E-B795-636F6935C45C}"
EndProject
Global
	GlobalSection(SolutionConfigurationPlatforms) = preSolution
		Debug|Any CPU = Debug|Any CPU
		Release|Any CPU = Release|Any CPU
	EndGlobalSection
	GlobalSection(ProjectConfigurationPlatforms) = postSolution
		{78AFF12B-BD73-737F-156E-BCF05BC79DF5}.Debug|Any CPU.ActiveCfg = Debug|Any CPU
		{78AFF12B-BD73-737F-156E-BCF05BC79DF5}.Debug|Any CPU.Build.0 = Debug|Any CPU
		{78AFF12B-BD73-737F-156E-BCF05BC79DF5}.Release|Any CPU.ActiveCfg = Release|Any CPU
		{78AFF12B-BD73-737F-156E-BCF05BC79DF5}.Release|Any CPU.Build.0 = Release|Any CPU
		{AC1A5250-A51B-C84E-B795-636F6935C45C}.Debug|Any CPU.ActiveCfg = Debug|Any CPU
		{AC1A5250-A51B-C84E-B795-636F6935C45C}.Debug|Any CPU.Build.0 = Debug|Any CPU
		{AC1A5250-A51B-C84E-B795-636F6935C45C}.Release|Any CPU.ActiveCfg = Release|Any CPU
		{AC1A5250-A51B-C84E-B795-636F6935C45C}.Release|Any CPU.Build.0 = Release|Any CPU
	EndGlobalSection
	GlobalSection(SolutionProperties) = preSolution
		HideSolutionNode = FALSE
	EndGlobalSection
EndGlobal
